dependencies:
  idf:
    source:
      type: idf
    version: 5.2.3
  lvgl/lvgl:
    component_hash: d7c1ac037ae6e85d94897f807d6e7ba0946a83e720074fc95a4f6241da9f9f53
    dependencies: []
    source:
      registry_url: https://components.espressif.com/
      type: service
    version: 8.4.0
direct_dependencies:
- idf
- lvgl/lvgl
manifest_hash: af9cc67d13796aecaeb5d1b3f9fd039df995877d371d84c92480005c151d1bb1
target: esp32
version: 2.0.0
